
Microsoft Visual Studio Solution File, Format Version 12.00
# Visual Studio 15
VisualStudioVersion = 15.0.27130.2024
MinimumVisualStudioVersion = 10.0.40219.1
Project("{FAE04EC0-301F-11D3-BF4B-00C04F79EFBC}") = "Blackjack.client", "Blackjack.client\Blackjack.client.csproj", "{828E41F7-1FE3-4C94-8607-EDC9D86207AF}"
EndProject
Project("{2150E333-8FDC-42A3-9474-1A3956D46DE8}") = "Modules", "Modules", "{BE39ADD5-7254-4FBD-B938-BDA566E3AC88}"
EndProject
Project("{FAE04EC0-301F-11D3-BF4B-00C04F79EFBC}") = "PlayBlackjackModule", "PlayBlackjack\PlayBlackjackModule.csproj", "{D883A8C5-F927-4B09-BA50-A9B33EF61CF9}"
EndProject
Project("{FAE04EC0-301F-11D3-BF4B-00C04F79EFBC}") = "Shared", "Shared\Shared.csproj", "{18291B8A-3EB1-4057-BA93-8A447EEA105F}"
EndProject
Project("{FAE04EC0-301F-11D3-BF4B-00C04F79EFBC}") = "HomePageModule", "HomePageModule\HomePageModule.csproj", "{5181E0BB-82DF-459E-BB85-A7BD00A09A7B}"
EndProject
Project("{FAE04EC0-301F-11D3-BF4B-00C04F79EFBC}") = "ToolBarModule", "ToolbarModule\ToolBarModule.csproj", "{673446FA-0FF7-4E2E-85DA-0D358FEE17ED}"
EndProject
Project("{FAE04EC0-301F-11D3-BF4B-00C04F79EFBC}") = "StatusbarModule", "StatusbarModule\StatusbarModule.csproj", "{C78F9539-5FA2-4C91-86A8-138777AAF987}"
EndProject
Project("{FAE04EC0-301F-11D3-BF4B-00C04F79EFBC}") = "Blackjack.core", "Blackjack.models\Blackjack.core.csproj", "{1997D2C1-2E0A-4141-AB03-C71F4FCB8F82}"
EndProject
Global
	GlobalSection(SolutionConfigurationPlatforms) = preSolution
		Debug|Any CPU = Debug|Any CPU
		Release|Any CPU = Release|Any CPU
	EndGlobalSection
	GlobalSection(ProjectConfigurationPlatforms) = postSolution
		{828E41F7-1FE3-4C94-8607-EDC9D86207AF}.Debug|Any CPU.ActiveCfg = Debug|Any CPU
		{828E41F7-1FE3-4C94-8607-EDC9D86207AF}.Debug|Any CPU.Build.0 = Debug|Any CPU
		{828E41F7-1FE3-4C94-8607-EDC9D86207AF}.Release|Any CPU.ActiveCfg = Release|Any CPU
		{828E41F7-1FE3-4C94-8607-EDC9D86207AF}.Release|Any CPU.Build.0 = Release|Any CPU
		{D883A8C5-F927-4B09-BA50-A9B33EF61CF9}.Debug|Any CPU.ActiveCfg = Debug|Any CPU
		{D883A8C5-F927-4B09-BA50-A9B33EF61CF9}.Debug|Any CPU.Build.0 = Debug|Any CPU
		{D883A8C5-F927-4B09-BA50-A9B33EF61CF9}.Release|Any CPU.ActiveCfg = Release|Any CPU
		{D883A8C5-F927-4B09-BA50-A9B33EF61CF9}.Release|Any CPU.Build.0 = Release|Any CPU
		{18291B8A-3EB1-4057-BA93-8A447EEA105F}.Debug|Any CPU.ActiveCfg = Debug|Any CPU
		{18291B8A-3EB1-4057-BA93-8A447EEA105F}.Debug|Any CPU.Build.0 = Debug|Any CPU
		{18291B8A-3EB1-4057-BA93-8A447EEA105F}.Release|Any CPU.ActiveCfg = Release|Any CPU
		{18291B8A-3EB1-4057-BA93-8A447EEA105F}.Release|Any CPU.Build.0 = Release|Any CPU
		{5181E0BB-82DF-459E-BB85-A7BD00A09A7B}.Debug|Any CPU.ActiveCfg = Debug|Any CPU
		{5181E0BB-82DF-459E-BB85-A7BD00A09A7B}.Debug|Any CPU.Build.0 = Debug|Any CPU
		{5181E0BB-82DF-459E-BB85-A7BD00A09A7B}.Release|Any CPU.ActiveCfg = Release|Any CPU
		{5181E0BB-82DF-459E-BB85-A7BD00A09A7B}.Release|Any CPU.Build.0 = Release|Any CPU
		{673446FA-0FF7-4E2E-85DA-0D358FEE17ED}.Debug|Any CPU.ActiveCfg = Debug|Any CPU
		{673446FA-0FF7-4E2E-85DA-0D358FEE17ED}.Debug|Any CPU.Build.0 = Debug|Any CPU
		{673446FA-0FF7-4E2E-85DA-0D358FEE17ED}.Release|Any CPU.ActiveCfg = Release|Any CPU
		{673446FA-0FF7-4E2E-85DA-0D358FEE17ED}.Release|Any CPU.Build.0 = Release|Any CPU
		{C78F9539-5FA2-4C91-86A8-138777AAF987}.Debug|Any CPU.ActiveCfg = Debug|Any CPU
		{C78F9539-5FA2-4C91-86A8-138777AAF987}.Debug|Any CPU.Build.0 = Debug|Any CPU
		{C78F9539-5FA2-4C91-86A8-138777AAF987}.Release|Any CPU.ActiveCfg = Release|Any CPU
		{C78F9539-5FA2-4C91-86A8-138777AAF987}.Release|Any CPU.Build.0 = Release|Any CPU
		{1997D2C1-2E0A-4141-AB03-C71F4FCB8F82}.Debug|Any CPU.ActiveCfg = Debug|Any CPU
		{1997D2C1-2E0A-4141-AB03-C71F4FCB8F82}.Debug|Any CPU.Build.0 = Debug|Any CPU
		{1997D2C1-2E0A-4141-AB03-C71F4FCB8F82}.Release|Any CPU.ActiveCfg = Release|Any CPU
		{1997D2C1-2E0A-4141-AB03-C71F4FCB8F82}.Release|Any CPU.Build.0 = Release|Any CPU
	EndGlobalSection
	GlobalSection(SolutionProperties) = preSolution
		HideSolutionNode = FALSE
	EndGlobalSection
	GlobalSection(NestedProjects) = preSolution
		{D883A8C5-F927-4B09-BA50-A9B33EF61CF9} = {BE39ADD5-7254-4FBD-B938-BDA566E3AC88}
		{18291B8A-3EB1-4057-BA93-8A447EEA105F} = {BE39ADD5-7254-4FBD-B938-BDA566E3AC88}
		{5181E0BB-82DF-459E-BB85-A7BD00A09A7B} = {BE39ADD5-7254-4FBD-B938-BDA566E3AC88}
		{673446FA-0FF7-4E2E-85DA-0D358FEE17ED} = {BE39ADD5-7254-4FBD-B938-BDA566E3AC88}
		{C78F9539-5FA2-4C91-86A8-138777AAF987} = {BE39ADD5-7254-4FBD-B938-BDA566E3AC88}
	EndGlobalSection
	GlobalSection(ExtensibilityGlobals) = postSolution
		SolutionGuid = {8DBEC33F-62BA-44B9-9778-AF452E91CF91}
	EndGlobalSection
EndGlobal
